
Microsoft Visual Studio Solution File, Format Version 12.00
# Visual Studio Version 17
VisualStudioVersion = 17.13.35825.156 d17.13
MinimumVisualStudioVersion = 10.0.40219.1
Project("{FAE04EC0-301F-11D3-BF4B-00C04F79EFBC}") = "Employee.API", "Employee.API.csproj", "{DB5813F1-07A4-4396-969F-42D4482D1D15}"
EndProject
Global
	GlobalSection(SolutionConfigurationPlatforms) = preSolution
		Debug|Any CPU = Debug|Any CPU
		Release|Any CPU = Release|Any CPU
	EndGlobalSection
	GlobalSection(ProjectConfigurationPlatforms) = postSolution
		{DB5813F1-07A4-4396-969F-42D4482D1D15}.Debug|Any CPU.ActiveCfg = Debug|Any CPU
		{DB5813F1-07A4-4396-969F-42D4482D1D15}.Debug|Any CPU.Build.0 = Debug|Any CPU
		{DB5813F1-07A4-4396-969F-42D4482D1D15}.Release|Any CPU.ActiveCfg = Release|Any CPU
		{DB5813F1-07A4-4396-969F-42D4482D1D15}.Release|Any CPU.Build.0 = Release|Any CPU
	EndGlobalSection
	GlobalSection(SolutionProperties) = preSolution
		HideSolutionNode = FALSE
	EndGlobalSection
	GlobalSection(ExtensibilityGlobals) = postSolution
		SolutionGuid = {25796024-B793-4118-B2D4-45C4B37A025D}
	EndGlobalSection
EndGlobal
